// !$*UTF8*$!
{
	archiveVersion = 1;
	classes = {
	};
	objectVersion = 56;
	objects = {

/* Begin PBXBuildFile section */
		1B87D89C6AA2D82CA3F79DF2 /* Pods_Flex_PinLayout.framework in Frameworks */ = {isa = PBXBuildFile; fileRef = 375A812DC6730B431C00E341 /* Pods_Flex_PinLayout.framework */; };
		BD2D016A2A33352A003A25D5 /* CSButton.swift in Sources */ = {isa = PBXBuildFile; fileRef = BD2D01692A33352A003A25D5 /* CSButton.swift */; };
		BD893E8D2A31C80D00753FA9 /* AppDelegate.swift in Sources */ = {isa = PBXBuildFile; fileRef = BD893E8C2A31C80D00753FA9 /* AppDelegate.swift */; };
		BD893E8F2A31C80D00753FA9 /* SceneDelegate.swift in Sources */ = {isa = PBXBuildFile; fileRef = BD893E8E2A31C80D00753FA9 /* SceneDelegate.swift */; };
		BD893E912A31C80D00753FA9 /* ViewController.swift in Sources */ = {isa = PBXBuildFile; fileRef = BD893E902A31C80D00753FA9 /* ViewController.swift */; };
		BD893E942A31C80D00753FA9 /* Main.storyboard in Resources */ = {isa = PBXBuildFile; fileRef = BD893E922A31C80D00753FA9 /* Main.storyboard */; };
		BD893E962A31C80F00753FA9 /* Assets.xcassets in Resources */ = {isa = PBXBuildFile; fileRef = BD893E952A31C80F00753FA9 /* Assets.xcassets */; };
		BD893E992A31C80F00753FA9 /* LaunchScreen.storyboard in Resources */ = {isa = PBXBuildFile; fileRef = BD893E972A31C80F00753FA9 /* LaunchScreen.storyboard */; };
		BD893EA22A31CEE500753FA9 /* FlexLayoutViewController.swift in Sources */ = {isa = PBXBuildFile; fileRef = BD893EA12A31CEE500753FA9 /* FlexLayoutViewController.swift */; };
		BD893EA42A31CEF700753FA9 /* PinLayoutTestViewController.swift in Sources */ = {isa = PBXBuildFile; fileRef = BD893EA32A31CEF700753FA9 /* PinLayoutTestViewController.swift */; };
/* End PBXBuildFile section */

/* Begin PBXFileReference section */
		375A812DC6730B431C00E341 /* Pods_Flex_PinLayout.framework */ = {isa = PBXFileReference; explicitFileType = wrapper.framework; includeInIndex = 0; path = Pods_Flex_PinLayout.framework; sourceTree = BUILT_PRODUCTS_DIR; };
		7C6B96A88F2BFE0D7B145001 /* Pods-Flex+PinLayout.release.xcconfig */ = {isa = PBXFileReference; includeInIndex = 1; lastKnownFileType = text.xcconfig; name = "Pods-Flex+PinLayout.release.xcconfig"; path = "Target Support Files/Pods-Flex+PinLayout/Pods-Flex+PinLayout.release.xcconfig"; sourceTree = "<group>"; };
		BD2D01692A33352A003A25D5 /* CSButton.swift */ = {isa = PBXFileReference; lastKnownFileType = sourcecode.swift; path = CSButton.swift; sourceTree = "<group>"; };
		BD893E892A31C80D00753FA9 /* Flex+PinLayout.app */ = {isa = PBXFileReference; explicitFileType = wrapper.application; includeInIndex = 0; path = "Flex+PinLayout.app"; sourceTree = BUILT_PRODUCTS_DIR; };
		BD893E8C2A31C80D00753FA9 /* AppDelegate.swift */ = {isa = PBXFileReference; lastKnownFileType = sourcecode.swift; path = AppDelegate.swift; sourceTree = "<group>"; };
		BD893E8E2A31C80D00753FA9 /* SceneDelegate.swift */ = {isa = PBXFileReference; lastKnownFileType = sourcecode.swift; path = SceneDelegate.swift; sourceTree = "<group>"; };
		BD893E902A31C80D00753FA9 /* ViewController.swift */ = {isa = PBXFileReference; lastKnownFileType = sourcecode.swift; path = ViewController.swift; sourceTree = "<group>"; };
		BD893E932A31C80D00753FA9 /* Base */ = {isa = PBXFileReference; lastKnownFileType = file.storyboard; name = Base; path = Base.lproj/Main.storyboard; sourceTree = "<group>"; };
		BD893E952A31C80F00753FA9 /* Assets.xcassets */ = {isa = PBXFileReference; lastKnownFileType = folder.assetcatalog; path = Assets.xcassets; sourceTree = "<group>"; };
		BD893E982A31C80F00753FA9 /* Base */ = {isa = PBXFileReference; lastKnownFileType = file.storyboard; name = Base; path = Base.lproj/LaunchScreen.storyboard; sourceTree = "<group>"; };
		BD893E9A2A31C80F00753FA9 /* Info.plist */ = {isa = PBXFileReference; lastKnownFileType = text.plist.xml; path = Info.plist; sourceTree = "<group>"; };
		BD893EA12A31CEE500753FA9 /* FlexLayoutViewController.swift */ = {isa = PBXFileReference; lastKnownFileType = sourcecode.swift; path = FlexLayoutViewController.swift; sourceTree = "<group>"; };
		BD893EA32A31CEF700753FA9 /* PinLayoutTestViewController.swift */ = {isa = PBXFileReference; lastKnownFileType = sourcecode.swift; path = PinLayoutTestViewController.swift; sourceTree = "<group>"; };
		F4252A18FD2A82E5092B2534 /* Pods-Flex+PinLayout.debug.xcconfig */ = {isa = PBXFileReference; includeInIndex = 1; lastKnownFileType = text.xcconfig; name = "Pods-Flex+PinLayout.debug.xcconfig"; path = "Target Support Files/Pods-Flex+PinLayout/Pods-Flex+PinLayout.debug.xcconfig"; sourceTree = "<group>"; };
/* End PBXFileReference section */

/* Begin PBXFrameworksBuildPhase section */
		BD893E862A31C80D00753FA9 /* Frameworks */ = {
			isa = PBXFrameworksBuildPhase;
			buildActionMask = 2147483647;
			files = (
				1B87D89C6AA2D82CA3F79DF2 /* Pods_Flex_PinLayout.framework in Frameworks */,
			);
			runOnlyForDeploymentPostprocessing = 0;
		};
/* End PBXFrameworksBuildPhase section */

/* Begin PBXGroup section */
		34425FCF6DD1B9EF0772B5EF /* Pods */ = {
			isa = PBXGroup;
			children = (
				F4252A18FD2A82E5092B2534 /* Pods-Flex+PinLayout.debug.xcconfig */,
				7C6B96A88F2BFE0D7B145001 /* Pods-Flex+PinLayout.release.xcconfig */,
			);
			path = Pods;
			sourceTree = "<group>";
		};
		472AD3CB03BCFCEC082BC1AF /* Frameworks */ = {
			isa = PBXGroup;
			children = (
				375A812DC6730B431C00E341 /* Pods_Flex_PinLayout.framework */,
			);
			name = Frameworks;
			sourceTree = "<group>";
		};
		BD2D01662A3334F6003A25D5 /* CSComponent */ = {
			isa = PBXGroup;
			children = (
				BD2D01692A33352A003A25D5 /* CSButton.swift */,
			);
			path = CSComponent;
			sourceTree = "<group>";
		};
		BD893E802A31C80D00753FA9 = {
			isa = PBXGroup;
			children = (
				BD893E8B2A31C80D00753FA9 /* Flex+PinLayout */,
				BD893E8A2A31C80D00753FA9 /* Products */,
				34425FCF6DD1B9EF0772B5EF /* Pods */,
				472AD3CB03BCFCEC082BC1AF /* Frameworks */,
			);
			sourceTree = "<group>";
		};
		BD893E8A2A31C80D00753FA9 /* Products */ = {
			isa = PBXGroup;
			children = (
				BD893E892A31C80D00753FA9 /* Flex+PinLayout.app */,
			);
			name = Products;
			sourceTree = "<group>";
		};
		BD893E8B2A31C80D00753FA9 /* Flex+PinLayout */ = {
			isa = PBXGroup;
			children = (
				BD2D01662A3334F6003A25D5 /* CSComponent */,
				BD893EA02A31CECD00753FA9 /* View */,
				BD893E8C2A31C80D00753FA9 /* AppDelegate.swift */,
				BD893E8E2A31C80D00753FA9 /* SceneDelegate.swift */,
				BD893E902A31C80D00753FA9 /* ViewController.swift */,
				BD893E922A31C80D00753FA9 /* Main.storyboard */,
				BD893E952A31C80F00753FA9 /* Assets.xcassets */,
				BD893E972A31C80F00753FA9 /* LaunchScreen.storyboard */,
				BD893E9A2A31C80F00753FA9 /* Info.plist */,
			);
			path = "Flex+PinLayout";
			sourceTree = "<group>";
		};
		BD893EA02A31CECD00753FA9 /* View */ = {
			isa = PBXGroup;
			children = (
				BD893EA12A31CEE500753FA9 /* FlexLayoutViewController.swift */,
				BD893EA32A31CEF700753FA9 /* PinLayoutTestViewController.swift */,
			);
			path = View;
			sourceTree = "<group>";
		};
/* End PBXGroup section */

/* Begin PBXNativeTarget section */
		BD893E882A31C80D00753FA9 /* Flex+PinLayout */ = {
			isa = PBXNativeTarget;
			buildConfigurationList = BD893E9D2A31C80F00753FA9 /* Build configuration list for PBXNativeTarget "Flex+PinLayout" */;
			buildPhases = (
				A493D6DF6FB3CDBB0CA9B12C /* [CP] Check Pods Manifest.lock */,
				BD893E852A31C80D00753FA9 /* Sources */,
				BD893E862A31C80D00753FA9 /* Frameworks */,
				BD893E872A31C80D00753FA9 /* Resources */,
				D739E23965664524892C22FD /* [CP] Embed Pods Frameworks */,
			);
			buildRules = (
			);
			dependencies = (
			);
			name = "Flex+PinLayout";
			productName = "Flex+PinLayout";
			productReference = BD893E892A31C80D00753FA9 /* Flex+PinLayout.app */;
			productType = "com.apple.product-type.application";
		};
/* End PBXNativeTarget section */

/* Begin PBXProject section */
		BD893E812A31C80D00753FA9 /* Project object */ = {
			isa = PBXProject;
			attributes = {
				BuildIndependentTargetsInParallel = 1;
				LastSwiftUpdateCheck = 1430;
				LastUpgradeCheck = 1430;
				TargetAttributes = {
					BD893E882A31C80D00753FA9 = {
						CreatedOnToolsVersion = 14.3;
					};
				};
			};
			buildConfigurationList = BD893E842A31C80D00753FA9 /* Build configuration list for PBXProject "Flex+PinLayout" */;
			compatibilityVersion = "Xcode 14.0";
			developmentRegion = en;
			hasScannedForEncodings = 0;
			knownRegions = (
				en,
				Base,
			);
			mainGroup = BD893E802A31C80D00753FA9;
			productRefGroup = BD893E8A2A31C80D00753FA9 /* Products */;
			projectDirPath = "";
			projectRoot = "";
			targets = (
				BD893E882A31C80D00753FA9 /* Flex+PinLayout */,
			);
		};
/* End PBXProject section */

/* Begin PBXResourcesBuildPhase section */
		BD893E872A31C80D00753FA9 /* Resources */ = {
			isa = PBXResourcesBuildPhase;
			buildActionMask = 2147483647;
			files = (
				BD893E992A31C80F00753FA9 /* LaunchScreen.storyboard in Resources */,
				BD893E962A31C80F00753FA9 /* Assets.xcassets in Resources */,
				BD893E942A31C80D00753FA9 /* Main.storyboard in Resources */,
			);
			runOnlyForDeploymentPostprocessing = 0;
		};
/* End PBXResourcesBuildPhase section */

/* Begin PBXShellScriptBuildPhase section */
		A493D6DF6FB3CDBB0CA9B12C /* [CP] Check Pods Manifest.lock */ = {
			isa = PBXShellScriptBuildPhase;
			buildActionMask = 2147483647;
			files = (
			);
			inputFileListPaths = (
			);
			inputPaths = (
				"${PODS_PODFILE_DIR_PATH}/Podfile.lock",
				"${PODS_ROOT}/Manifest.lock",
			);
			name = "[CP] Check Pods Manifest.lock";
			outputFileListPaths = (
			);
			outputPaths = (
				"$(DERIVED_FILE_DIR)/Pods-Flex+PinLayout-checkManifestLockResult.txt",
			);
			runOnlyForDeploymentPostprocessing = 0;
			shellPath = /bin/sh;
			shellScript = "diff \"${PODS_PODFILE_DIR_PATH}/Podfile.lock\" \"${PODS_ROOT}/Manifest.lock\" > /dev/null\nif [ $? != 0 ] ; then\n    # print error to STDERR\n    echo \"error: The sandbox is not in sync with the Podfile.lock. Run 'pod install' or update your CocoaPods installation.\" >&2\n    exit 1\nfi\n# This output is used by Xcode 'outputs' to avoid re-running this script phase.\necho \"SUCCESS\" > \"${SCRIPT_OUTPUT_FILE_0}\"\n";
			showEnvVarsInLog = 0;
		};
		D739E23965664524892C22FD /* [CP] Embed Pods Frameworks */ = {
			isa = PBXShellScriptBuildPhase;
			buildActionMask = 2147483647;
			files = (
			);
			inputFileListPaths = (
				"${PODS_ROOT}/Target Support Files/Pods-Flex+PinLayout/Pods-Flex+PinLayout-frameworks-${CONFIGURATION}-input-files.xcfilelist",
			);
			name = "[CP] Embed Pods Frameworks";
			outputFileListPaths = (
				"${PODS_ROOT}/Target Support Files/Pods-Flex+PinLayout/Pods-Flex+PinLayout-frameworks-${CONFIGURATION}-output-files.xcfilelist",
			);
			runOnlyForDeploymentPostprocessing = 0;
			shellPath = /bin/sh;
			shellScript = "\"${PODS_ROOT}/Target Support Files/Pods-Flex+PinLayout/Pods-Flex+PinLayout-frameworks.sh\"\n";
			showEnvVarsInLog = 0;
		};
/* End PBXShellScriptBuildPhase section */

/* Begin PBXSourcesBuildPhase section */
		BD893E852A31C80D00753FA9 /* Sources */ = {
			isa = PBXSourcesBuildPhase;
			buildActionMask = 2147483647;
			files = (
				BD893E912A31C80D00753FA9 /* ViewController.swift in Sources */,
				BD2D016A2A33352A003A25D5 /* CSButton.swift in Sources */,
				BD893EA42A31CEF700753FA9 /* PinLayoutTestViewController.swift in Sources */,
				BD893EA22A31CEE500753FA9 /* FlexLayoutViewController.swift in Sources */,
				BD893E8D2A31C80D00753FA9 /* AppDelegate.swift in Sources */,
				BD893E8F2A31C80D00753FA9 /* SceneDelegate.swift in Sources */,
			);
			runOnlyForDeploymentPostprocessing = 0;
		};
/* End PBXSourcesBuildPhase section */

/* Begin PBXVariantGroup section */
		BD893E922A31C80D00753FA9 /* Main.storyboard */ = {
			isa = PBXVariantGroup;
			children = (
				BD893E932A31C80D00753FA9 /* Base */,
			);
			name = Main.storyboard;
			sourceTree = "<group>";
		};
		BD893E972A31C80F00753FA9 /* LaunchScreen.storyboard */ = {
			isa = PBXVariantGroup;
			children = (
				BD893E982A31C80F00753FA9 /* Base */,
			);
			name = LaunchScreen.storyboard;
			sourceTree = "<group>";
		};
/* End PBXVariantGroup section */

/* Begin XCBuildConfiguration section */
		BD893E9B2A31C80F00753FA9 /* Debug */ = {
			isa = XCBuildConfiguration;
			buildSettings = {
				ALWAYS_SEARCH_USER_PATHS = NO;
				CLANG_ANALYZER_NONNULL = YES;
				CLANG_ANALYZER_NUMBER_OBJECT_CONVERSION = YES_AGGRESSIVE;
				CLANG_CXX_LANGUAGE_STANDARD = "gnu++20";
				CLANG_ENABLE_MODULES = YES;
				CLANG_ENABLE_OBJC_ARC = YES;
				CLANG_ENABLE_OBJC_WEAK = YES;
				CLANG_WARN_BLOCK_CAPTURE_AUTORELEASING = YES;
				CLANG_WARN_BOOL_CONVERSION = YES;
				CLANG_WARN_COMMA = YES;
				CLANG_WARN_CONSTANT_CONVERSION = YES;
				CLANG_WARN_DEPRECATED_OBJC_IMPLEMENTATIONS = YES;
				CLANG_WARN_DIRECT_OBJC_ISA_USAGE = YES_ERROR;
				CLANG_WARN_DOCUMENTATION_COMMENTS = YES;
				CLANG_WARN_EMPTY_BODY = YES;
				CLANG_WARN_ENUM_CONVERSION = YES;
				CLANG_WARN_INFINITE_RECURSION = YES;
				CLANG_WARN_INT_CONVERSION = YES;
				CLANG_WARN_NON_LITERAL_NULL_CONVERSION = YES;
				CLANG_WARN_OBJC_IMPLICIT_RETAIN_SELF = YES;
				CLANG_WARN_OBJC_LITERAL_CONVERSION = YES;
				CLANG_WARN_OBJC_ROOT_CLASS = YES_ERROR;
				CLANG_WARN_QUOTED_INCLUDE_IN_FRAMEWORK_HEADER = YES;
				CLANG_WARN_RANGE_LOOP_ANALYSIS = YES;
				CLANG_WARN_STRICT_PROTOTYPES = YES;
				CLANG_WARN_SUSPICIOUS_MOVE = YES;
				CLANG_WARN_UNGUARDED_AVAILABILITY = YES_AGGRESSIVE;
				CLANG_WARN_UNREACHABLE_CODE = YES;
				CLANG_WARN__DUPLICATE_METHOD_MATCH = YES;
				COPY_PHASE_STRIP = NO;
				DEBUG_INFORMATION_FORMAT = dwarf;
				ENABLE_STRICT_OBJC_MSGSEND = YES;
				ENABLE_TESTABILITY = YES;
				GCC_C_LANGUAGE_STANDARD = gnu11;
				GCC_DYNAMIC_NO_PIC = NO;
				GCC_NO_COMMON_BLOCKS = YES;
				GCC_OPTIMIZATION_LEVEL = 0;
				GCC_PREPROCESSOR_DEFINITIONS = (
					"DEBUG=1",
					"$(inherited)",
				);
				GCC_WARN_64_TO_32_BIT_CONVERSION = YES;
				GCC_WARN_ABOUT_RETURN_TYPE = YES_ERROR;
				GCC_WARN_UNDECLARED_SELECTOR = YES;
				GCC_WARN_UNINITIALIZED_AUTOS = YES_AGGRESSIVE;
				GCC_WARN_UNUSED_FUNCTION = YES;
				GCC_WARN_UNUSED_VARIABLE = YES;
				IPHONEOS_DEPLOYMENT_TARGET = 16.4;
				MTL_ENABLE_DEBUG_INFO = INCLUDE_SOURCE;
				MTL_FAST_MATH = YES;
				ONLY_ACTIVE_ARCH = YES;
				SDKROOT = iphoneos;
				SWIFT_ACTIVE_COMPILATION_CONDITIONS = DEBUG;
				SWIFT_OPTIMIZATION_LEVEL = "-Onone";
			};
			name = Debug;
		};
		BD893E9C2A31C80F00753FA9 /* Release */ = {
			isa = XCBuildConfiguration;
			buildSettings = {
				ALWAYS_SEARCH_USER_PATHS = NO;
				CLANG_ANALYZER_NONNULL = YES;
				CLANG_ANALYZER_NUMBER_OBJECT_CONVERSION = YES_AGGRESSIVE;
				CLANG_CXX_LANGUAGE_STANDARD = "gnu++20";
				CLANG_ENABLE_MODULES = YES;
				CLANG_ENABLE_OBJC_ARC = YES;
				CLANG_ENABLE_OBJC_WEAK = YES;
				CLANG_WARN_BLOCK_CAPTURE_AUTORELEASING = YES;
				CLANG_WARN_BOOL_CONVERSION = YES;
				CLANG_WARN_COMMA = YES;
				CLANG_WARN_CONSTANT_CONVERSION = YES;
				CLANG_WARN_DEPRECATED_OBJC_IMPLEMENTATIONS = YES;
				CLANG_WARN_DIRECT_OBJC_ISA_USAGE = YES_ERROR;
				CLANG_WARN_DOCUMENTATION_COMMENTS = YES;
				CLANG_WARN_EMPTY_BODY = YES;
				CLANG_WARN_ENUM_CONVERSION = YES;
				CLANG_WARN_INFINITE_RECURSION = YES;
				CLANG_WARN_INT_CONVERSION = YES;
				CLANG_WARN_NON_LITERAL_NULL_CONVERSION = YES;
				CLANG_WARN_OBJC_IMPLICIT_RETAIN_SELF = YES;
				CLANG_WARN_OBJC_LITERAL_CONVERSION = YES;
				CLANG_WARN_OBJC_ROOT_CLASS = YES_ERROR;
				CLANG_WARN_QUOTED_INCLUDE_IN_FRAMEWORK_HEADER = YES;
				CLANG_WARN_RANGE_LOOP_ANALYSIS = YES;
				CLANG_WARN_STRICT_PROTOTYPES = YES;
				CLANG_WARN_SUSPICIOUS_MOVE = YES;
				CLANG_WARN_UNGUARDED_AVAILABILITY = YES_AGGRESSIVE;
				CLANG_WARN_UNREACHABLE_CODE = YES;
				CLANG_WARN__DUPLICATE_METHOD_MATCH = YES;
				COPY_PHASE_STRIP = NO;
				DEBUG_INFORMATION_FORMAT = "dwarf-with-dsym";
				ENABLE_NS_ASSERTIONS = NO;
				ENABLE_STRICT_OBJC_MSGSEND = YES;
				GCC_C_LANGUAGE_STANDARD = gnu11;
				GCC_NO_COMMON_BLOCKS = YES;
				GCC_WARN_64_TO_32_BIT_CONVERSION = YES;
				GCC_WARN_ABOUT_RETURN_TYPE = YES_ERROR;
				GCC_WARN_UNDECLARED_SELECTOR = YES;
				GCC_WARN_UNINITIALIZED_AUTOS = YES_AGGRESSIVE;
				GCC_WARN_UNUSED_FUNCTION = YES;
				GCC_WARN_UNUSED_VARIABLE = YES;
				IPHONEOS_DEPLOYMENT_TARGET = 16.4;
				MTL_ENABLE_DEBUG_INFO = NO;
				MTL_FAST_MATH = YES;
				SDKROOT = iphoneos;
				SWIFT_COMPILATION_MODE = wholemodule;
				SWIFT_OPTIMIZATION_LEVEL = "-O";
				VALIDATE_PRODUCT = YES;
			};
			name = Release;
		};
		BD893E9E2A31C80F00753FA9 /* Debug */ = {
			isa = XCBuildConfiguration;
			baseConfigurationReference = F4252A18FD2A82E5092B2534 /* Pods-Flex+PinLayout.debug.xcconfig */;
			buildSettings = {
				ASSETCATALOG_COMPILER_APPICON_NAME = AppIcon;
				ASSETCATALOG_COMPILER_GLOBAL_ACCENT_COLOR_NAME = AccentColor;
				CODE_SIGN_STYLE = Automatic;
				CURRENT_PROJECT_VERSION = 1;
				DEVELOPMENT_TEAM = 4QCSG92KD9;
				GENERATE_INFOPLIST_FILE = YES;
				INFOPLIST_FILE = "Flex+PinLayout/Info.plist";
				INFOPLIST_KEY_UIApplicationSupportsIndirectInputEvents = YES;
				INFOPLIST_KEY_UILaunchStoryboardName = LaunchScreen;
				INFOPLIST_KEY_UIMainStoryboardFile = Main;
				INFOPLIST_KEY_UISupportedInterfaceOrientations_iPad = "UIInterfaceOrientationPortrait UIInterfaceOrientationPortraitUpsideDown UIInterfaceOrientationLandscapeLeft UIInterfaceOrientationLandscapeRight";
				INFOPLIST_KEY_UISupportedInterfaceOrientations_iPhone = "UIInterfaceOrientationPortrait UIInterfaceOrientationLandscapeLeft UIInterfaceOrientationLandscapeRight";
				IPHONEOS_DEPLOYMENT_TARGET = 15.0;
				LD_RUNPATH_SEARCH_PATHS = (
					"$(inherited)",
					"@executable_path/Frameworks",
				);
				MARKETING_VERSION = 1.0;
				PRODUCT_BUNDLE_IDENTIFIER = "com.soohoon.Flex-PinLayout";
				PRODUCT_NAME = "$(TARGET_NAME)";
				SUPPORTED_PLATFORMS = "iphoneos iphonesimulator";
				SUPPORTS_MACCATALYST = NO;
				SUPPORTS_MAC_DESIGNED_FOR_IPHONE_IPAD = NO;
				SWIFT_EMIT_LOC_STRINGS = YES;
				SWIFT_VERSION = 5.0;
				TARGETED_DEVICE_FAMILY = 1;
			};
			name = Debug;
		};
		BD893E9F2A31C80F00753FA9 /* Release */ = {
			isa = XCBuildConfiguration;
			baseConfigurationReference = 7C6B96A88F2BFE0D7B145001 /* Pods-Flex+PinLayout.release.xcconfig */;
			buildSettings = {
				ASSETCATALOG_COMPILER_APPICON_NAME = AppIcon;
				ASSETCATALOG_COMPILER_GLOBAL_ACCENT_COLOR_NAME = AccentColor;
				CODE_SIGN_STYLE = Automatic;
				CURRENT_PROJECT_VERSION = 1;
				DEVELOPMENT_TEAM = 4QCSG92KD9;
				GENERATE_INFOPLIST_FILE = YES;
				INFOPLIST_FILE = "Flex+PinLayout/Info.plist";
				INFOPLIST_KEY_UIApplicationSupportsIndirectInputEvents = YES;
				INFOPLIST_KEY_UILaunchStoryboardName = LaunchScreen;
				INFOPLIST_KEY_UIMainStoryboardFile = Main;
				INFOPLIST_KEY_UISupportedInterfaceOrientations_iPad = "UIInterfaceOrientationPortrait UIInterfaceOrientationPortraitUpsideDown UIInterfaceOrientationLandscapeLeft UIInterfaceOrientationLandscapeRight";
				INFOPLIST_KEY_UISupportedInterfaceOrientations_iPhone = "UIInterfaceOrientationPortrait UIInterfaceOrientationLandscapeLeft UIInterfaceOrientationLandscapeRight";
				IPHONEOS_DEPLOYMENT_TARGET = 15.0;
				LD_RUNPATH_SEARCH_PATHS = (
					"$(inherited)",
					"@executable_path/Frameworks",
				);
				MARKETING_VERSION = 1.0;
				PRODUCT_BUNDLE_IDENTIFIER = "com.soohoon.Flex-PinLayout";
				PRODUCT_NAME = "$(TARGET_NAME)";
				SUPPORTED_PLATFORMS = "iphoneos iphonesimulator";
				SUPPORTS_MACCATALYST = NO;
				SUPPORTS_MAC_DESIGNED_FOR_IPHONE_IPAD = NO;
				SWIFT_EMIT_LOC_STRINGS = YES;
				SWIFT_VERSION = 5.0;
				TARGETED_DEVICE_FAMILY = 1;
			};
			name = Release;
		};
/* End XCBuildConfiguration section */

/* Begin XCConfigurationList section */
		BD893E842A31C80D00753FA9 /* Build configuration list for PBXProject "Flex+PinLayout" */ = {
			isa = XCConfigurationList;
			buildConfigurations = (
				BD893E9B2A31C80F00753FA9 /* Debug */,
				BD893E9C2A31C80F00753FA9 /* Release */,
			);
			defaultConfigurationIsVisible = 0;
			defaultConfigurationName = Release;
		};
		BD893E9D2A31C80F00753FA9 /* Build configuration list for PBXNativeTarget "Flex+PinLayout" */ = {
			isa = XCConfigurationList;
			buildConfigurations = (
				BD893E9E2A31C80F00753FA9 /* Debug */,
				BD893E9F2A31C80F00753FA9 /* Release */,
			);
			defaultConfigurationIsVisible = 0;
			defaultConfigurationName = Release;
		};
/* End XCConfigurationList section */
	};
	rootObject = BD893E812A31C80D00753FA9 /* Project object */;
}
